
Microsoft Visual Studio Solution File, Format Version 12.00
# Visual Studio Version 17
VisualStudioVersion = 17.1.32210.238
MinimumVisualStudioVersion = 10.0.40219.1
Project("{FAE04EC0-301F-11D3-BF4B-00C04F79EFBC}") = "PrivateTrackerBlockchain", "PrivateTrackerBlockchain\PrivateTrackerBlockchain.csproj", "{783E8B48-0E84-4697-A329-988638AFA522}"
EndProject
Global
	GlobalSection(SolutionConfigurationPlatforms) = preSolution
		Debug|Any CPU = Debug|Any CPU
		Release|Any CPU = Release|Any CPU
	EndGlobalSection
	GlobalSection(ProjectConfigurationPlatforms) = postSolution
		{783E8B48-0E84-4697-A329-988638AFA522}.Debug|Any CPU.ActiveCfg = Debug|Any CPU
		{783E8B48-0E84-4697-A329-988638AFA522}.Debug|Any CPU.Build.0 = Debug|Any CPU
		{783E8B48-0E84-4697-A329-988638AFA522}.Release|Any CPU.ActiveCfg = Release|Any CPU
		{783E8B48-0E84-4697-A329-988638AFA522}.Release|Any CPU.Build.0 = Release|Any CPU
	EndGlobalSection
	GlobalSection(SolutionProperties) = preSolution
		HideSolutionNode = FALSE
	EndGlobalSection
	GlobalSection(ExtensibilityGlobals) = postSolution
		SolutionGuid = {10E7315E-6FA4-44AE-828F-5D5560203EEE}
	EndGlobalSection
EndGlobal
